PODS:
  - AFNetworking (3.2.1):
    - AFNetworking/NSURLSession (= 3.2.1)
    - AFNetworking/Reachability (= 3.2.1)
    - AFNetworking/Security (= 3.2.1)
    - AFNetworking/Serialization (= 3.2.1)
    - AFNetworking/UIKit (= 3.2.1)
  - AFNetworking/NSURLSession (3.2.1):
    - AFNetworking/Reachability
    - AFNetworking/Security
    - AFNetworking/Serialization
  - AFNetworking/Reachability (3.2.1)
  - AFNetworking/Security (3.2.1)
  - AFNetworking/Serialization (3.2.1)
  - AFNetworking/UIKit (3.2.1):
    - AFNetworking/NSURLSession
  - TMFileManager (0.1.2)

DEPENDENCIES:
  - AFNetworking
  - TMFileManager

SPEC REPOS:
  https://github.com/cocoapods/specs.git:
    - AFNetworking
  https://github.com/ctinusDev/Specs.git:
    - TMFileManager

SPEC CHECKSUMS:
  AFNetworking: b6f891fdfaed196b46c7a83cf209e09697b94057
  TMFileManager: 6386ac90e137ab26cf6595c0c9a905832ab33eb3

PODFILE CHECKSUM: e0dfaf3e15d0185ca0ec53e2e669553f0cb2eb70

COCOAPODS: 1.6.1
